# This file is automatically @generated by Cargo.
# It is not intended for manual editing.
version = 4

[[package]]
name = "plymouth-3dboot"
version = "0.1.0"

[[package]]
name = "plymouth-3dboot-sdl"
version = "0.1.0"
dependencies = [
 "plymouth-3dboot",
]

[[package]]
name = "plymouth-3dboot-viewer"
version = "0.1.0"
dependencies = [
 "plymouth-3dboot",
 "plymouth-3dboot-sdl",
]
